
Microsoft Visual Studio Solution File, Format Version 12.00
# Visual Studio Version 17
VisualStudioVersion = 17.12.35514.174 d17.12
MinimumVisualStudioVersion = 10.0.40219.1
Project("{FAE04EC0-301F-11D3-BF4B-00C04F79EFBC}") = "BroadcastServer", "BroadcastServer\BroadcastServer.csproj", "{A77200BE-82B4-4ED1-9732-100BCA4A1EF7}"
EndProject
Project("{FAE04EC0-301F-11D3-BF4B-00C04F79EFBC}") = "BroadcastClient", "BroadcastClient\BroadcastClient.csproj", "{51FE9F69-534B-4ACB-AF5F-BBB33EE0200A}"
EndProject
Global
	GlobalSection(SolutionConfigurationPlatforms) = preSolution
		Debug|Any CPU = Debug|Any CPU
		Release|Any CPU = Release|Any CPU
	EndGlobalSection
	GlobalSection(ProjectConfigurationPlatforms) = postSolution
		{A77200BE-82B4-4ED1-9732-100BCA4A1EF7}.Debug|Any CPU.ActiveCfg = Debug|Any CPU
		{A77200BE-82B4-4ED1-9732-100BCA4A1EF7}.Debug|Any CPU.Build.0 = Debug|Any CPU
		{A77200BE-82B4-4ED1-9732-100BCA4A1EF7}.Release|Any CPU.ActiveCfg = Release|Any CPU
		{A77200BE-82B4-4ED1-9732-100BCA4A1EF7}.Release|Any CPU.Build.0 = Release|Any CPU
		{51FE9F69-534B-4ACB-AF5F-BBB33EE0200A}.Debug|Any CPU.ActiveCfg = Debug|Any CPU
		{51FE9F69-534B-4ACB-AF5F-BBB33EE0200A}.Debug|Any CPU.Build.0 = Debug|Any CPU
		{51FE9F69-534B-4ACB-AF5F-BBB33EE0200A}.Release|Any CPU.ActiveCfg = Release|Any CPU
		{51FE9F69-534B-4ACB-AF5F-BBB33EE0200A}.Release|Any CPU.Build.0 = Release|Any CPU
	EndGlobalSection
	GlobalSection(SolutionProperties) = preSolution
		HideSolutionNode = FALSE
	EndGlobalSection
EndGlobal
